
Microsoft Visual Studio Solution File, Format Version 12.00
# Visual Studio Version 17
VisualStudioVersion = 17.5.33516.290
MinimumVisualStudioVersion = 10.0.40219.1
Project("{FAE04EC0-301F-11D3-BF4B-00C04F79EFBC}") = "TotalAverage", "TotalAverage\TotalAverage.csproj", "{BCCD99F8-FA20-4928-A2E8-646E7F119AAD}"
EndProject
Global
	GlobalSection(SolutionConfigurationPlatforms) = preSolution
		Debug|Any CPU = Debug|Any CPU
		Release|Any CPU = Release|Any CPU
	EndGlobalSection
	GlobalSection(ProjectConfigurationPlatforms) = postSolution
		{BCCD99F8-FA20-4928-A2E8-646E7F119AAD}.Debug|Any CPU.ActiveCfg = Debug|Any CPU
		{BCCD99F8-FA20-4928-A2E8-646E7F119AAD}.Debug|Any CPU.Build.0 = Debug|Any CPU
		{BCCD99F8-FA20-4928-A2E8-646E7F119AAD}.Release|Any CPU.ActiveCfg = Release|Any CPU
		{BCCD99F8-FA20-4928-A2E8-646E7F119AAD}.Release|Any CPU.Build.0 = Release|Any CPU
	EndGlobalSection
	GlobalSection(SolutionProperties) = preSolution
		HideSolutionNode = FALSE
	EndGlobalSection
	GlobalSection(ExtensibilityGlobals) = postSolution
		SolutionGuid = {56FDA023-9C02-4297-A8BB-BB0B61E2CB4A}
	EndGlobalSection
EndGlobal
